
Microsoft Visual Studio Solution File, Format Version 12.00
# Visual Studio Version 17
VisualStudioVersion = 17.0.31903.59
MinimumVisualStudioVersion = 10.0.40219.1
Project("{FAE04EC0-301F-11D3-BF4B-00C04F79EFBC}") = "01", "01\01.csproj", "{6216C5BD-7755-440A-9D36-407074693753}"
EndProject
Project("{FAE04EC0-301F-11D3-BF4B-00C04F79EFBC}") = "02", "02\02.csproj", "{3BFCB268-362D-4A4D-BB9F-B4CAB7A70CA9}"
EndProject
Project("{FAE04EC0-301F-11D3-BF4B-00C04F79EFBC}") = "03", "03\03.csproj", "{81CFB18C-B39F-4ACF-9527-9C2877193A6D}"
EndProject
Project("{FAE04EC0-301F-11D3-BF4B-00C04F79EFBC}") = "04", "04\04.csproj", "{25109B0E-AD77-4807-939C-D2FFC90BB59D}"
EndProject
Project("{FAE04EC0-301F-11D3-BF4B-00C04F79EFBC}") = "05", "05\05.csproj", "{27A518BE-0CD9-4CAF-A093-AB8C0C93D449}"
EndProject
Project("{FAE04EC0-301F-11D3-BF4B-00C04F79EFBC}") = "06", "06\06.csproj", "{799AC238-DF12-4B07-A2FA-9B96407E3E0C}"
EndProject
Project("{FAE04EC0-301F-11D3-BF4B-00C04F79EFBC}") = "07", "07\07.csproj", "{921AB93B-5975-4B12-894C-1B47EDBF4DA3}"
EndProject
Project("{FAE04EC0-301F-11D3-BF4B-00C04F79EFBC}") = "08", "08\08.csproj", "{AA6C1765-AF56-4D1F-AF21-A95025783477}"
EndProject
Project("{FAE04EC0-301F-11D3-BF4B-00C04F79EFBC}") = "09", "09\09.csproj", "{79EFD4DE-C84A-45A4-B079-6D2A8A881FB8}"
EndProject
Project("{FAE04EC0-301F-11D3-BF4B-00C04F79EFBC}") = "10", "10\10.csproj", "{71B603E4-977E-4EF7-A262-821456D13EE4}"
EndProject
Project("{FAE04EC0-301F-11D3-BF4B-00C04F79EFBC}") = "11", "11\11.csproj", "{78573F02-C35B-44B7-8DD7-6AB41E223087}"
EndProject
Project("{FAE04EC0-301F-11D3-BF4B-00C04F79EFBC}") = "12", "12\12.csproj", "{5EF3430D-B536-483E-9059-0609990D851F}"
EndProject
Project("{FAE04EC0-301F-11D3-BF4B-00C04F79EFBC}") = "13", "13\13.csproj", "{DB744B5B-4CFC-48C3-A483-61E8BAB6D163}"
EndProject
Project("{FAE04EC0-301F-11D3-BF4B-00C04F79EFBC}") = "14", "14\14.csproj", "{A1869174-BE6C-4584-AA8E-8E8653C996C5}"
EndProject
Project("{FAE04EC0-301F-11D3-BF4B-00C04F79EFBC}") = "15", "15\15.csproj", "{B2322F62-1D46-4D66-A241-CBF82041B403}"
EndProject
Project("{FAE04EC0-301F-11D3-BF4B-00C04F79EFBC}") = "16", "16\16.csproj", "{31CF36FA-F3BE-4501-8340-A252027443D3}"
EndProject
Project("{FAE04EC0-301F-11D3-BF4B-00C04F79EFBC}") = "17", "17\17.csproj", "{A6FEC4ED-3274-40F8-97C6-52CD665D8E85}"
EndProject
Project("{FAE04EC0-301F-11D3-BF4B-00C04F79EFBC}") = "18", "18\18.csproj", "{97FB46DE-A881-4216-8EAA-1D2408761378}"
EndProject
Project("{FAE04EC0-301F-11D3-BF4B-00C04F79EFBC}") = "19", "19\19.csproj", "{15399DA0-D5A6-4A91-B7CA-E64347374BF3}"
EndProject
Project("{FAE04EC0-301F-11D3-BF4B-00C04F79EFBC}") = "20", "20\20.csproj", "{B700C3BE-8129-4181-9D50-617D39A2F978}"
EndProject
Project("{FAE04EC0-301F-11D3-BF4B-00C04F79EFBC}") = "21", "21\21.csproj", "{DC0824F2-E0F5-452E-853D-4B79DEC32F0E}"
EndProject
Global
	GlobalSection(SolutionConfigurationPlatforms) = preSolution
		Debug|Any CPU = Debug|Any CPU
		Debug|x64 = Debug|x64
		Debug|x86 = Debug|x86
		Release|Any CPU = Release|Any CPU
		Release|x64 = Release|x64
		Release|x86 = Release|x86
	EndGlobalSection
	GlobalSection(ProjectConfigurationPlatforms) = postSolution
		{6216C5BD-7755-440A-9D36-407074693753}.Debug|Any CPU.ActiveCfg = Debug|Any CPU
		{6216C5BD-7755-440A-9D36-407074693753}.Debug|Any CPU.Build.0 = Debug|Any CPU
		{6216C5BD-7755-440A-9D36-407074693753}.Debug|x64.ActiveCfg = Debug|Any CPU
		{6216C5BD-7755-440A-9D36-407074693753}.Debug|x64.Build.0 = Debug|Any CPU
		{6216C5BD-7755-440A-9D36-407074693753}.Debug|x86.ActiveCfg = Debug|Any CPU
		{6216C5BD-7755-440A-9D36-407074693753}.Debug|x86.Build.0 = Debug|Any CPU
		{6216C5BD-7755-440A-9D36-407074693753}.Release|Any CPU.ActiveCfg = Release|Any CPU
		{6216C5BD-7755-440A-9D36-407074693753}.Release|Any CPU.Build.0 = Release|Any CPU
		{6216C5BD-7755-440A-9D36-407074693753}.Release|x64.ActiveCfg = Release|Any CPU
		{6216C5BD-7755-440A-9D36-407074693753}.Release|x64.Build.0 = Release|Any CPU
		{6216C5BD-7755-440A-9D36-407074693753}.Release|x86.ActiveCfg = Release|Any CPU
		{6216C5BD-7755-440A-9D36-407074693753}.Release|x86.Build.0 = Release|Any CPU
		{3BFCB268-362D-4A4D-BB9F-B4CAB7A70CA9}.Debug|Any CPU.ActiveCfg = Debug|Any CPU
		{3BFCB268-362D-4A4D-BB9F-B4CAB7A70CA9}.Debug|Any CPU.Build.0 = Debug|Any CPU
		{3BFCB268-362D-4A4D-BB9F-B4CAB7A70CA9}.Debug|x64.ActiveCfg = Debug|Any CPU
		{3BFCB268-362D-4A4D-BB9F-B4CAB7A70CA9}.Debug|x64.Build.0 = Debug|Any CPU
		{3BFCB268-362D-4A4D-BB9F-B4CAB7A70CA9}.Debug|x86.ActiveCfg = Debug|Any CPU
		{3BFCB268-362D-4A4D-BB9F-B4CAB7A70CA9}.Debug|x86.Build.0 = Debug|Any CPU
		{3BFCB268-362D-4A4D-BB9F-B4CAB7A70CA9}.Release|Any CPU.ActiveCfg = Release|Any CPU
		{3BFCB268-362D-4A4D-BB9F-B4CAB7A70CA9}.Release|Any CPU.Build.0 = Release|Any CPU
		{3BFCB268-362D-4A4D-BB9F-B4CAB7A70CA9}.Release|x64.ActiveCfg = Release|Any CPU
		{3BFCB268-362D-4A4D-BB9F-B4CAB7A70CA9}.Release|x64.Build.0 = Release|Any CPU
		{3BFCB268-362D-4A4D-BB9F-B4CAB7A70CA9}.Release|x86.ActiveCfg = Release|Any CPU
		{3BFCB268-362D-4A4D-BB9F-B4CAB7A70CA9}.Release|x86.Build.0 = Release|Any CPU
		{81CFB18C-B39F-4ACF-9527-9C2877193A6D}.Debug|Any CPU.ActiveCfg = Debug|Any CPU
		{81CFB18C-B39F-4ACF-9527-9C2877193A6D}.Debug|Any CPU.Build.0 = Debug|Any CPU
		{81CFB18C-B39F-4ACF-9527-9C2877193A6D}.Debug|x64.ActiveCfg = Debug|Any CPU
		{81CFB18C-B39F-4ACF-9527-9C2877193A6D}.Debug|x64.Build.0 = Debug|Any CPU
		{81CFB18C-B39F-4ACF-9527-9C2877193A6D}.Debug|x86.ActiveCfg = Debug|Any CPU
		{81CFB18C-B39F-4ACF-9527-9C2877193A6D}.Debug|x86.Build.0 = Debug|Any CPU
		{81CFB18C-B39F-4ACF-9527-9C2877193A6D}.Release|Any CPU.ActiveCfg = Release|Any CPU
		{81CFB18C-B39F-4ACF-9527-9C2877193A6D}.Release|Any CPU.Build.0 = Release|Any CPU
		{81CFB18C-B39F-4ACF-9527-9C2877193A6D}.Release|x64.ActiveCfg = Release|Any CPU
		{81CFB18C-B39F-4ACF-9527-9C2877193A6D}.Release|x64.Build.0 = Release|Any CPU
		{81CFB18C-B39F-4ACF-9527-9C2877193A6D}.Release|x86.ActiveCfg = Release|Any CPU
		{81CFB18C-B39F-4ACF-9527-9C2877193A6D}.Release|x86.Build.0 = Release|Any CPU
		{25109B0E-AD77-4807-939C-D2FFC90BB59D}.Debug|Any CPU.ActiveCfg = Debug|Any CPU
		{25109B0E-AD77-4807-939C-D2FFC90BB59D}.Debug|Any CPU.Build.0 = Debug|Any CPU
		{25109B0E-AD77-4807-939C-D2FFC90BB59D}.Debug|x64.ActiveCfg = Debug|Any CPU
		{25109B0E-AD77-4807-939C-D2FFC90BB59D}.Debug|x64.Build.0 = Debug|Any CPU
		{25109B0E-AD77-4807-939C-D2FFC90BB59D}.Debug|x86.ActiveCfg = Debug|Any CPU
		{25109B0E-AD77-4807-939C-D2FFC90BB59D}.Debug|x86.Build.0 = Debug|Any CPU
		{25109B0E-AD77-4807-939C-D2FFC90BB59D}.Release|Any CPU.ActiveCfg = Release|Any CPU
		{25109B0E-AD77-4807-939C-D2FFC90BB59D}.Release|Any CPU.Build.0 = Release|Any CPU
		{25109B0E-AD77-4807-939C-D2FFC90BB59D}.Release|x64.ActiveCfg = Release|Any CPU
		{25109B0E-AD77-4807-939C-D2FFC90BB59D}.Release|x64.Build.0 = Release|Any CPU
		{25109B0E-AD77-4807-939C-D2FFC90BB59D}.Release|x86.ActiveCfg = Release|Any CPU
		{25109B0E-AD77-4807-939C-D2FFC90BB59D}.Release|x86.Build.0 = Release|Any CPU
		{27A518BE-0CD9-4CAF-A093-AB8C0C93D449}.Debug|Any CPU.ActiveCfg = Debug|Any CPU
		{27A518BE-0CD9-4CAF-A093-AB8C0C93D449}.Debug|Any CPU.Build.0 = Debug|Any CPU
		{27A518BE-0CD9-4CAF-A093-AB8C0C93D449}.Debug|x64.ActiveCfg = Debug|Any CPU
		{27A518BE-0CD9-4CAF-A093-AB8C0C93D449}.Debug|x64.Build.0 = Debug|Any CPU
		{27A518BE-0CD9-4CAF-A093-AB8C0C93D449}.Debug|x86.ActiveCfg = Debug|Any CPU
		{27A518BE-0CD9-4CAF-A093-AB8C0C93D449}.Debug|x86.Build.0 = Debug|Any CPU
		{27A518BE-0CD9-4CAF-A093-AB8C0C93D449}.Release|Any CPU.ActiveCfg = Release|Any CPU
		{27A518BE-0CD9-4CAF-A093-AB8C0C93D449}.Release|Any CPU.Build.0 = Release|Any CPU
		{27A518BE-0CD9-4CAF-A093-AB8C0C93D449}.Release|x64.ActiveCfg = Release|Any CPU
		{27A518BE-0CD9-4CAF-A093-AB8C0C93D449}.Release|x64.Build.0 = Release|Any CPU
		{27A518BE-0CD9-4CAF-A093-AB8C0C93D449}.Release|x86.ActiveCfg = Release|Any CPU
		{27A518BE-0CD9-4CAF-A093-AB8C0C93D449}.Release|x86.Build.0 = Release|Any CPU
		{799AC238-DF12-4B07-A2FA-9B96407E3E0C}.Debug|Any CPU.ActiveCfg = Debug|Any CPU
		{799AC238-DF12-4B07-A2FA-9B96407E3E0C}.Debug|Any CPU.Build.0 = Debug|Any CPU
		{799AC238-DF12-4B07-A2FA-9B96407E3E0C}.Debug|x64.ActiveCfg = Debug|Any CPU
		{799AC238-DF12-4B07-A2FA-9B96407E3E0C}.Debug|x64.Build.0 = Debug|Any CPU
		{799AC238-DF12-4B07-A2FA-9B96407E3E0C}.Debug|x86.ActiveCfg = Debug|Any CPU
		{799AC238-DF12-4B07-A2FA-9B96407E3E0C}.Debug|x86.Build.0 = Debug|Any CPU
		{799AC238-DF12-4B07-A2FA-9B96407E3E0C}.Release|Any CPU.ActiveCfg = Release|Any CPU
		{799AC238-DF12-4B07-A2FA-9B96407E3E0C}.Release|Any CPU.Build.0 = Release|Any CPU
		{799AC238-DF12-4B07-A2FA-9B96407E3E0C}.Release|x64.ActiveCfg = Release|Any CPU
		{799AC238-DF12-4B07-A2FA-9B96407E3E0C}.Release|x64.Build.0 = Release|Any CPU
		{799AC238-DF12-4B07-A2FA-9B96407E3E0C}.Release|x86.ActiveCfg = Release|Any CPU
		{799AC238-DF12-4B07-A2FA-9B96407E3E0C}.Release|x86.Build.0 = Release|Any CPU
		{921AB93B-5975-4B12-894C-1B47EDBF4DA3}.Debug|Any CPU.ActiveCfg = Debug|Any CPU
		{921AB93B-5975-4B12-894C-1B47EDBF4DA3}.Debug|Any CPU.Build.0 = Debug|Any CPU
		{921AB93B-5975-4B12-894C-1B47EDBF4DA3}.Debug|x64.ActiveCfg = Debug|Any CPU
		{921AB93B-5975-4B12-894C-1B47EDBF4DA3}.Debug|x64.Build.0 = Debug|Any CPU
		{921AB93B-5975-4B12-894C-1B47EDBF4DA3}.Debug|x86.ActiveCfg = Debug|Any CPU
		{921AB93B-5975-4B12-894C-1B47EDBF4DA3}.Debug|x86.Build.0 = Debug|Any CPU
		{921AB93B-5975-4B12-894C-1B47EDBF4DA3}.Release|Any CPU.ActiveCfg = Release|Any CPU
		{921AB93B-5975-4B12-894C-1B47EDBF4DA3}.Release|Any CPU.Build.0 = Release|Any CPU
		{921AB93B-5975-4B12-894C-1B47EDBF4DA3}.Release|x64.ActiveCfg = Release|Any CPU
		{921AB93B-5975-4B12-894C-1B47EDBF4DA3}.Release|x64.Build.0 = Release|Any CPU
		{921AB93B-5975-4B12-894C-1B47EDBF4DA3}.Release|x86.ActiveCfg = Release|Any CPU
		{921AB93B-5975-4B12-894C-1B47EDBF4DA3}.Release|x86.Build.0 = Release|Any CPU
		{AA6C1765-AF56-4D1F-AF21-A95025783477}.Debug|Any CPU.ActiveCfg = Debug|Any CPU
		{AA6C1765-AF56-4D1F-AF21-A95025783477}.Debug|Any CPU.Build.0 = Debug|Any CPU
		{AA6C1765-AF56-4D1F-AF21-A95025783477}.Debug|x64.ActiveCfg = Debug|Any CPU
		{AA6C1765-AF56-4D1F-AF21-A95025783477}.Debug|x64.Build.0 = Debug|Any CPU
		{AA6C1765-AF56-4D1F-AF21-A95025783477}.Debug|x86.ActiveCfg = Debug|Any CPU
		{AA6C1765-AF56-4D1F-AF21-A95025783477}.Debug|x86.Build.0 = Debug|Any CPU
		{AA6C1765-AF56-4D1F-AF21-A95025783477}.Release|Any CPU.ActiveCfg = Release|Any CPU
		{AA6C1765-AF56-4D1F-AF21-A95025783477}.Release|Any CPU.Build.0 = Release|Any CPU
		{AA6C1765-AF56-4D1F-AF21-A95025783477}.Release|x64.ActiveCfg = Release|Any CPU
		{AA6C1765-AF56-4D1F-AF21-A95025783477}.Release|x64.Build.0 = Release|Any CPU
		{AA6C1765-AF56-4D1F-AF21-A95025783477}.Release|x86.ActiveCfg = Release|Any CPU
		{AA6C1765-AF56-4D1F-AF21-A95025783477}.Release|x86.Build.0 = Release|Any CPU
		{79EFD4DE-C84A-45A4-B079-6D2A8A881FB8}.Debug|Any CPU.ActiveCfg = Debug|Any CPU
		{79EFD4DE-C84A-45A4-B079-6D2A8A881FB8}.Debug|Any CPU.Build.0 = Debug|Any CPU
		{79EFD4DE-C84A-45A4-B079-6D2A8A881FB8}.Debug|x64.ActiveCfg = Debug|Any CPU
		{79EFD4DE-C84A-45A4-B079-6D2A8A881FB8}.Debug|x64.Build.0 = Debug|Any CPU
		{79EFD4DE-C84A-45A4-B079-6D2A8A881FB8}.Debug|x86.ActiveCfg = Debug|Any CPU
		{79EFD4DE-C84A-45A4-B079-6D2A8A881FB8}.Debug|x86.Build.0 = Debug|Any CPU
		{79EFD4DE-C84A-45A4-B079-6D2A8A881FB8}.Release|Any CPU.ActiveCfg = Release|Any CPU
		{79EFD4DE-C84A-45A4-B079-6D2A8A881FB8}.Release|Any CPU.Build.0 = Release|Any CPU
		{79EFD4DE-C84A-45A4-B079-6D2A8A881FB8}.Release|x64.ActiveCfg = Release|Any CPU
		{79EFD4DE-C84A-45A4-B079-6D2A8A881FB8}.Release|x64.Build.0 = Release|Any CPU
		{79EFD4DE-C84A-45A4-B079-6D2A8A881FB8}.Release|x86.ActiveCfg = Release|Any CPU
		{79EFD4DE-C84A-45A4-B079-6D2A8A881FB8}.Release|x86.Build.0 = Release|Any CPU
		{71B603E4-977E-4EF7-A262-821456D13EE4}.Debug|Any CPU.ActiveCfg = Debug|Any CPU
		{71B603E4-977E-4EF7-A262-821456D13EE4}.Debug|Any CPU.Build.0 = Debug|Any CPU
		{71B603E4-977E-4EF7-A262-821456D13EE4}.Debug|x64.ActiveCfg = Debug|Any CPU
		{71B603E4-977E-4EF7-A262-821456D13EE4}.Debug|x64.Build.0 = Debug|Any CPU
		{71B603E4-977E-4EF7-A262-821456D13EE4}.Debug|x86.ActiveCfg = Debug|Any CPU
		{71B603E4-977E-4EF7-A262-821456D13EE4}.Debug|x86.Build.0 = Debug|Any CPU
		{71B603E4-977E-4EF7-A262-821456D13EE4}.Release|Any CPU.ActiveCfg = Release|Any CPU
		{71B603E4-977E-4EF7-A262-821456D13EE4}.Release|Any CPU.Build.0 = Release|Any CPU
		{71B603E4-977E-4EF7-A262-821456D13EE4}.Release|x64.ActiveCfg = Release|Any CPU
		{71B603E4-977E-4EF7-A262-821456D13EE4}.Release|x64.Build.0 = Release|Any CPU
		{71B603E4-977E-4EF7-A262-821456D13EE4}.Release|x86.ActiveCfg = Release|Any CPU
		{71B603E4-977E-4EF7-A262-821456D13EE4}.Release|x86.Build.0 = Release|Any CPU
		{78573F02-C35B-44B7-8DD7-6AB41E223087}.Debug|Any CPU.ActiveCfg = Debug|Any CPU
		{78573F02-C35B-44B7-8DD7-6AB41E223087}.Debug|Any CPU.Build.0 = Debug|Any CPU
		{78573F02-C35B-44B7-8DD7-6AB41E223087}.Debug|x64.ActiveCfg = Debug|Any CPU
		{78573F02-C35B-44B7-8DD7-6AB41E223087}.Debug|x64.Build.0 = Debug|Any CPU
		{78573F02-C35B-44B7-8DD7-6AB41E223087}.Debug|x86.ActiveCfg = Debug|Any CPU
		{78573F02-C35B-44B7-8DD7-6AB41E223087}.Debug|x86.Build.0 = Debug|Any CPU
		{78573F02-C35B-44B7-8DD7-6AB41E223087}.Release|Any CPU.ActiveCfg = Release|Any CPU
		{78573F02-C35B-44B7-8DD7-6AB41E223087}.Release|Any CPU.Build.0 = Release|Any CPU
		{78573F02-C35B-44B7-8DD7-6AB41E223087}.Release|x64.ActiveCfg = Release|Any CPU
		{78573F02-C35B-44B7-8DD7-6AB41E223087}.Release|x64.Build.0 = Release|Any CPU
		{78573F02-C35B-44B7-8DD7-6AB41E223087}.Release|x86.ActiveCfg = Release|Any CPU
		{78573F02-C35B-44B7-8DD7-6AB41E223087}.Release|x86.Build.0 = Release|Any CPU
		{5EF3430D-B536-483E-9059-0609990D851F}.Debug|Any CPU.ActiveCfg = Debug|Any CPU
		{5EF3430D-B536-483E-9059-0609990D851F}.Debug|Any CPU.Build.0 = Debug|Any CPU
		{5EF3430D-B536-483E-9059-0609990D851F}.Debug|x64.ActiveCfg = Debug|Any CPU
		{5EF3430D-B536-483E-9059-0609990D851F}.Debug|x64.Build.0 = Debug|Any CPU
		{5EF3430D-B536-483E-9059-0609990D851F}.Debug|x86.ActiveCfg = Debug|Any CPU
		{5EF3430D-B536-483E-9059-0609990D851F}.Debug|x86.Build.0 = Debug|Any CPU
		{5EF3430D-B536-483E-9059-0609990D851F}.Release|Any CPU.ActiveCfg = Release|Any CPU
		{5EF3430D-B536-483E-9059-0609990D851F}.Release|Any CPU.Build.0 = Release|Any CPU
		{5EF3430D-B536-483E-9059-0609990D851F}.Release|x64.ActiveCfg = Release|Any CPU
		{5EF3430D-B536-483E-9059-0609990D851F}.Release|x64.Build.0 = Release|Any CPU
		{5EF3430D-B536-483E-9059-0609990D851F}.Release|x86.ActiveCfg = Release|Any CPU
		{5EF3430D-B536-483E-9059-0609990D851F}.Release|x86.Build.0 = Release|Any CPU
		{DB744B5B-4CFC-48C3-A483-61E8BAB6D163}.Debug|Any CPU.ActiveCfg = Debug|Any CPU
		{DB744B5B-4CFC-48C3-A483-61E8BAB6D163}.Debug|Any CPU.Build.0 = Debug|Any CPU
		{DB744B5B-4CFC-48C3-A483-61E8BAB6D163}.Debug|x64.ActiveCfg = Debug|Any CPU
		{DB744B5B-4CFC-48C3-A483-61E8BAB6D163}.Debug|x64.Build.0 = Debug|Any CPU
		{DB744B5B-4CFC-48C3-A483-61E8BAB6D163}.Debug|x86.ActiveCfg = Debug|Any CPU
		{DB744B5B-4CFC-48C3-A483-61E8BAB6D163}.Debug|x86.Build.0 = Debug|Any CPU
		{DB744B5B-4CFC-48C3-A483-61E8BAB6D163}.Release|Any CPU.ActiveCfg = Release|Any CPU
		{DB744B5B-4CFC-48C3-A483-61E8BAB6D163}.Release|Any CPU.Build.0 = Release|Any CPU
		{DB744B5B-4CFC-48C3-A483-61E8BAB6D163}.Release|x64.ActiveCfg = Release|Any CPU
		{DB744B5B-4CFC-48C3-A483-61E8BAB6D163}.Release|x64.Build.0 = Release|Any CPU
		{DB744B5B-4CFC-48C3-A483-61E8BAB6D163}.Release|x86.ActiveCfg = Release|Any CPU
		{DB744B5B-4CFC-48C3-A483-61E8BAB6D163}.Release|x86.Build.0 = Release|Any CPU
		{A1869174-BE6C-4584-AA8E-8E8653C996C5}.Debug|Any CPU.ActiveCfg = Debug|Any CPU
		{A1869174-BE6C-4584-AA8E-8E8653C996C5}.Debug|Any CPU.Build.0 = Debug|Any CPU
		{A1869174-BE6C-4584-AA8E-8E8653C996C5}.Debug|x64.ActiveCfg = Debug|Any CPU
		{A1869174-BE6C-4584-AA8E-8E8653C996C5}.Debug|x64.Build.0 = Debug|Any CPU
		{A1869174-BE6C-4584-AA8E-8E8653C996C5}.Debug|x86.ActiveCfg = Debug|Any CPU
		{A1869174-BE6C-4584-AA8E-8E8653C996C5}.Debug|x86.Build.0 = Debug|Any CPU
		{A1869174-BE6C-4584-AA8E-8E8653C996C5}.Release|Any CPU.ActiveCfg = Release|Any CPU
		{A1869174-BE6C-4584-AA8E-8E8653C996C5}.Release|Any CPU.Build.0 = Release|Any CPU
		{A1869174-BE6C-4584-AA8E-8E8653C996C5}.Release|x64.ActiveCfg = Release|Any CPU
		{A1869174-BE6C-4584-AA8E-8E8653C996C5}.Release|x64.Build.0 = Release|Any CPU
		{A1869174-BE6C-4584-AA8E-8E8653C996C5}.Release|x86.ActiveCfg = Release|Any CPU
		{A1869174-BE6C-4584-AA8E-8E8653C996C5}.Release|x86.Build.0 = Release|Any CPU
		{B2322F62-1D46-4D66-A241-CBF82041B403}.Debug|Any CPU.ActiveCfg = Debug|Any CPU
		{B2322F62-1D46-4D66-A241-CBF82041B403}.Debug|Any CPU.Build.0 = Debug|Any CPU
		{B2322F62-1D46-4D66-A241-CBF82041B403}.Debug|x64.ActiveCfg = Debug|Any CPU
		{B2322F62-1D46-4D66-A241-CBF82041B403}.Debug|x64.Build.0 = Debug|Any CPU
		{B2322F62-1D46-4D66-A241-CBF82041B403}.Debug|x86.ActiveCfg = Debug|Any CPU
		{B2322F62-1D46-4D66-A241-CBF82041B403}.Debug|x86.Build.0 = Debug|Any CPU
		{B2322F62-1D46-4D66-A241-CBF82041B403}.Release|Any CPU.ActiveCfg = Release|Any CPU
		{B2322F62-1D46-4D66-A241-CBF82041B403}.Release|Any CPU.Build.0 = Release|Any CPU
		{B2322F62-1D46-4D66-A241-CBF82041B403}.Release|x64.ActiveCfg = Release|Any CPU
		{B2322F62-1D46-4D66-A241-CBF82041B403}.Release|x64.Build.0 = Release|Any CPU
		{B2322F62-1D46-4D66-A241-CBF82041B403}.Release|x86.ActiveCfg = Release|Any CPU
		{B2322F62-1D46-4D66-A241-CBF82041B403}.Release|x86.Build.0 = Release|Any CPU
		{31CF36FA-F3BE-4501-8340-A252027443D3}.Debug|Any CPU.ActiveCfg = Debug|Any CPU
		{31CF36FA-F3BE-4501-8340-A252027443D3}.Debug|Any CPU.Build.0 = Debug|Any CPU
		{31CF36FA-F3BE-4501-8340-A252027443D3}.Debug|x64.ActiveCfg = Debug|Any CPU
		{31CF36FA-F3BE-4501-8340-A252027443D3}.Debug|x64.Build.0 = Debug|Any CPU
		{31CF36FA-F3BE-4501-8340-A252027443D3}.Debug|x86.ActiveCfg = Debug|Any CPU
		{31CF36FA-F3BE-4501-8340-A252027443D3}.Debug|x86.Build.0 = Debug|Any CPU
		{31CF36FA-F3BE-4501-8340-A252027443D3}.Release|Any CPU.ActiveCfg = Release|Any CPU
		{31CF36FA-F3BE-4501-8340-A252027443D3}.Release|Any CPU.Build.0 = Release|Any CPU
		{31CF36FA-F3BE-4501-8340-A252027443D3}.Release|x64.ActiveCfg = Release|Any CPU
		{31CF36FA-F3BE-4501-8340-A252027443D3}.Release|x64.Build.0 = Release|Any CPU
		{31CF36FA-F3BE-4501-8340-A252027443D3}.Release|x86.ActiveCfg = Release|Any CPU
		{31CF36FA-F3BE-4501-8340-A252027443D3}.Release|x86.Build.0 = Release|Any CPU
		{A6FEC4ED-3274-40F8-97C6-52CD665D8E85}.Debug|Any CPU.ActiveCfg = Debug|Any CPU
		{A6FEC4ED-3274-40F8-97C6-52CD665D8E85}.Debug|Any CPU.Build.0 = Debug|Any CPU
		{A6FEC4ED-3274-40F8-97C6-52CD665D8E85}.Debug|x64.ActiveCfg = Debug|Any CPU
		{A6FEC4ED-3274-40F8-97C6-52CD665D8E85}.Debug|x64.Build.0 = Debug|Any CPU
		{A6FEC4ED-3274-40F8-97C6-52CD665D8E85}.Debug|x86.ActiveCfg = Debug|Any CPU
		{A6FEC4ED-3274-40F8-97C6-52CD665D8E85}.Debug|x86.Build.0 = Debug|Any CPU
		{A6FEC4ED-3274-40F8-97C6-52CD665D8E85}.Release|Any CPU.ActiveCfg = Release|Any CPU
		{A6FEC4ED-3274-40F8-97C6-52CD665D8E85}.Release|Any CPU.Build.0 = Release|Any CPU
		{A6FEC4ED-3274-40F8-97C6-52CD665D8E85}.Release|x64.ActiveCfg = Release|Any CPU
		{A6FEC4ED-3274-40F8-97C6-52CD665D8E85}.Release|x64.Build.0 = Release|Any CPU
		{A6FEC4ED-3274-40F8-97C6-52CD665D8E85}.Release|x86.ActiveCfg = Release|Any CPU
		{A6FEC4ED-3274-40F8-97C6-52CD665D8E85}.Release|x86.Build.0 = Release|Any CPU
		{97FB46DE-A881-4216-8EAA-1D2408761378}.Debug|Any CPU.ActiveCfg = Debug|Any CPU
		{97FB46DE-A881-4216-8EAA-1D2408761378}.Debug|Any CPU.Build.0 = Debug|Any CPU
		{97FB46DE-A881-4216-8EAA-1D2408761378}.Debug|x64.ActiveCfg = Debug|Any CPU
		{97FB46DE-A881-4216-8EAA-1D2408761378}.Debug|x64.Build.0 = Debug|Any CPU
		{97FB46DE-A881-4216-8EAA-1D2408761378}.Debug|x86.ActiveCfg = Debug|Any CPU
		{97FB46DE-A881-4216-8EAA-1D2408761378}.Debug|x86.Build.0 = Debug|Any CPU
		{97FB46DE-A881-4216-8EAA-1D2408761378}.Release|Any CPU.ActiveCfg = Release|Any CPU
		{97FB46DE-A881-4216-8EAA-1D2408761378}.Release|Any CPU.Build.0 = Release|Any CPU
		{97FB46DE-A881-4216-8EAA-1D2408761378}.Release|x64.ActiveCfg = Release|Any CPU
		{97FB46DE-A881-4216-8EAA-1D2408761378}.Release|x64.Build.0 = Release|Any CPU
		{97FB46DE-A881-4216-8EAA-1D2408761378}.Release|x86.ActiveCfg = Release|Any CPU
		{97FB46DE-A881-4216-8EAA-1D2408761378}.Release|x86.Build.0 = Release|Any CPU
		{15399DA0-D5A6-4A91-B7CA-E64347374BF3}.Debug|Any CPU.ActiveCfg = Debug|Any CPU
		{15399DA0-D5A6-4A91-B7CA-E64347374BF3}.Debug|Any CPU.Build.0 = Debug|Any CPU
		{15399DA0-D5A6-4A91-B7CA-E64347374BF3}.Debug|x64.ActiveCfg = Debug|Any CPU
		{15399DA0-D5A6-4A91-B7CA-E64347374BF3}.Debug|x64.Build.0 = Debug|Any CPU
		{15399DA0-D5A6-4A91-B7CA-E64347374BF3}.Debug|x86.ActiveCfg = Debug|Any CPU
		{15399DA0-D5A6-4A91-B7CA-E64347374BF3}.Debug|x86.Build.0 = Debug|Any CPU
		{15399DA0-D5A6-4A91-B7CA-E64347374BF3}.Release|Any CPU.ActiveCfg = Release|Any CPU
		{15399DA0-D5A6-4A91-B7CA-E64347374BF3}.Release|Any CPU.Build.0 = Release|Any CPU
		{15399DA0-D5A6-4A91-B7CA-E64347374BF3}.Release|x64.ActiveCfg = Release|Any CPU
		{15399DA0-D5A6-4A91-B7CA-E64347374BF3}.Release|x64.Build.0 = Release|Any CPU
		{15399DA0-D5A6-4A91-B7CA-E64347374BF3}.Release|x86.ActiveCfg = Release|Any CPU
		{15399DA0-D5A6-4A91-B7CA-E64347374BF3}.Release|x86.Build.0 = Release|Any CPU
		{B700C3BE-8129-4181-9D50-617D39A2F978}.Debug|Any CPU.ActiveCfg = Debug|Any CPU
		{B700C3BE-8129-4181-9D50-617D39A2F978}.Debug|Any CPU.Build.0 = Debug|Any CPU
		{B700C3BE-8129-4181-9D50-617D39A2F978}.Debug|x64.ActiveCfg = Debug|Any CPU
		{B700C3BE-8129-4181-9D50-617D39A2F978}.Debug|x64.Build.0 = Debug|Any CPU
		{B700C3BE-8129-4181-9D50-617D39A2F978}.Debug|x86.ActiveCfg = Debug|Any CPU
		{B700C3BE-8129-4181-9D50-617D39A2F978}.Debug|x86.Build.0 = Debug|Any CPU
		{B700C3BE-8129-4181-9D50-617D39A2F978}.Release|Any CPU.ActiveCfg = Release|Any CPU
		{B700C3BE-8129-4181-9D50-617D39A2F978}.Release|Any CPU.Build.0 = Release|Any CPU
		{B700C3BE-8129-4181-9D50-617D39A2F978}.Release|x64.ActiveCfg = Release|Any CPU
		{B700C3BE-8129-4181-9D50-617D39A2F978}.Release|x64.Build.0 = Release|Any CPU
		{B700C3BE-8129-4181-9D50-617D39A2F978}.Release|x86.ActiveCfg = Release|Any CPU
		{B700C3BE-8129-4181-9D50-617D39A2F978}.Release|x86.Build.0 = Release|Any CPU
		{DC0824F2-E0F5-452E-853D-4B79DEC32F0E}.Debug|Any CPU.ActiveCfg = Debug|Any CPU
		{DC0824F2-E0F5-452E-853D-4B79DEC32F0E}.Debug|Any CPU.Build.0 = Debug|Any CPU
		{DC0824F2-E0F5-452E-853D-4B79DEC32F0E}.Debug|x64.ActiveCfg = Debug|Any CPU
		{DC0824F2-E0F5-452E-853D-4B79DEC32F0E}.Debug|x64.Build.0 = Debug|Any CPU
		{DC0824F2-E0F5-452E-853D-4B79DEC32F0E}.Debug|x86.ActiveCfg = Debug|Any CPU
		{DC0824F2-E0F5-452E-853D-4B79DEC32F0E}.Debug|x86.Build.0 = Debug|Any CPU
		{DC0824F2-E0F5-452E-853D-4B79DEC32F0E}.Release|Any CPU.ActiveCfg = Release|Any CPU
		{DC0824F2-E0F5-452E-853D-4B79DEC32F0E}.Release|Any CPU.Build.0 = Release|Any CPU
		{DC0824F2-E0F5-452E-853D-4B79DEC32F0E}.Release|x64.ActiveCfg = Release|Any CPU
		{DC0824F2-E0F5-452E-853D-4B79DEC32F0E}.Release|x64.Build.0 = Release|Any CPU
		{DC0824F2-E0F5-452E-853D-4B79DEC32F0E}.Release|x86.ActiveCfg = Release|Any CPU
		{DC0824F2-E0F5-452E-853D-4B79DEC32F0E}.Release|x86.Build.0 = Release|Any CPU
	EndGlobalSection
	GlobalSection(SolutionProperties) = preSolution
		HideSolutionNode = FALSE
	EndGlobalSection
EndGlobal
